
Microsoft Visual Studio Solution File, Format Version 12.00
# Visual Studio Version 17
VisualStudioVersion = 17.7.34031.279
MinimumVisualStudioVersion = 10.0.40219.1
Project("{FAE04EC0-301F-11D3-BF4B-00C04F79EFBC}") = "gbemi", "gbemi\gbemi.csproj", "{BAEC55F2-6C33-4CD4-A5E1-EFE844AC6F9D}"
EndProject
Global
	GlobalSection(SolutionConfigurationPlatforms) = preSolution
		Debug|Any CPU = Debug|Any CPU
		Release|Any CPU = Release|Any CPU
	EndGlobalSection
	GlobalSection(ProjectConfigurationPlatforms) = postSolution
		{BAEC55F2-6C33-4CD4-A5E1-EFE844AC6F9D}.Debug|Any CPU.ActiveCfg = Debug|Any CPU
		{BAEC55F2-6C33-4CD4-A5E1-EFE844AC6F9D}.Debug|Any CPU.Build.0 = Debug|Any CPU
		{BAEC55F2-6C33-4CD4-A5E1-EFE844AC6F9D}.Release|Any CPU.ActiveCfg = Release|Any CPU
		{BAEC55F2-6C33-4CD4-A5E1-EFE844AC6F9D}.Release|Any CPU.Build.0 = Release|Any CPU
	EndGlobalSection
	GlobalSection(SolutionProperties) = preSolution
		HideSolutionNode = FALSE
	EndGlobalSection
	GlobalSection(ExtensibilityGlobals) = postSolution
		SolutionGuid = {3092BE2E-557C-4C3E-9618-98E7C14A6761}
	EndGlobalSection
EndGlobal
